// !$*UTF8*$!
{
	archiveVersion = 1;
	classes = {
	};
	objectVersion = 46;
	objects = {

/* Begin PBXBuildFile section */
		4D39E80FD7827DE26925CD57 /* libPods.a in Frameworks */ = {isa = PBXBuildFile; fileRef = 369E6CC4D254F0E97A68BD76 /* libPods.a */; };
		9F39EB0C1A46906D00E34693 /* SYNInkwellColorFilter.m in Sources */ = {isa = PBXBuildFile; fileRef = 9F39EB0B1A46906D00E34693 /* SYNInkwellColorFilter.m */; };
		9F39EB0F1A46974800E34693 /* SYNGPUImageFlowDifferenceOfGaussiansFilter1MultiThreshold.m in Sources */ = {isa = PBXBuildFile; fileRef = 9F39EB0E1A46974800E34693 /* SYNGPUImageFlowDifferenceOfGaussiansFilter1MultiThreshold.m */; };
		9F39EB171A46B5F200E34693 /* paper-01.jpg in Resources */ = {isa = PBXBuildFile; fileRef = 9F39EB161A46B5F200E34693 /* paper-01.jpg */; };
		9F5C9E061A44D45400FF4800 /* SYNGPUImageFlowBilateralFilter.m in Sources */ = {isa = PBXBuildFile; fileRef = 9F5C9E051A44D45400FF4800 /* SYNGPUImageFlowBilateralFilter.m */; };
		9F5C9E091A44DAB200FF4800 /* SYNGPUImageRGBToLABFilter.m in Sources */ = {isa = PBXBuildFile; fileRef = 9F5C9E081A44DAB200FF4800 /* SYNGPUImageRGBToLABFilter.m */; };
		9F5C9E0C1A44E0DC00FF4800 /* SYNGPUImageLABToRGBFilter.m in Sources */ = {isa = PBXBuildFile; fileRef = 9F5C9E0B1A44E0DC00FF4800 /* SYNGPUImageLABToRGBFilter.m */; };
		9F5C9E0F1A458A4000FF4800 /* SYNPencilSketchFilter.m in Sources */ = {isa = PBXBuildFile; fileRef = 9F5C9E0E1A458A4000FF4800 /* SYNPencilSketchFilter.m */; };
		9F96ED9E1A607B870046F646 /* pencil-shading-01@2x.jpg in Resources */ = {isa = PBXBuildFile; fileRef = 9F96ED9D1A607B870046F646 /* pencil-shading-01@2x.jpg */; };
		BB7B42161A4383FB0061FA46 /* main.m in Sources */ = {isa = PBXBuildFile; fileRef = BB7B42151A4383FB0061FA46 /* main.m */; };
		BB7B42191A4383FB0061FA46 /* AppDelegate.m in Sources */ = {isa = PBXBuildFile; fileRef = BB7B42181A4383FB0061FA46 /* AppDelegate.m */; };
		BB7B421C1A4383FB0061FA46 /* ViewController.m in Sources */ = {isa = PBXBuildFile; fileRef = BB7B421B1A4383FB0061FA46 /* ViewController.m */; };
		BB7B421F1A4383FB0061FA46 /* Main.storyboard in Resources */ = {isa = PBXBuildFile; fileRef = BB7B421D1A4383FB0061FA46 /* Main.storyboard */; };
		BB7B42211A4383FB0061FA46 /* Images.xcassets in Resources */ = {isa = PBXBuildFile; fileRef = BB7B42201A4383FB0061FA46 /* Images.xcassets */; };
		BB7B42241A4383FB0061FA46 /* LaunchScreen.xib in Resources */ = {isa = PBXBuildFile; fileRef = BB7B42221A4383FB0061FA46 /* LaunchScreen.xib */; };
		BB7B42301A4383FB0061FA46 /* SYNInkwellTests.m in Sources */ = {isa = PBXBuildFile; fileRef = BB7B422F1A4383FB0061FA46 /* SYNInkwellTests.m */; };
		BB7EFC9C1A438EA200F3226B /* TestImage1.jpg in Resources */ = {isa = PBXBuildFile; fileRef = BB7EFC9B1A438EA200F3226B /* TestImage1.jpg */; };
		BB90487D1A43879000B7625A /* SYNGPUImageEdgeTangentFlowFilter.m in Sources */ = {isa = PBXBuildFile; fileRef = BB9048741A43879000B7625A /* SYNGPUImageEdgeTangentFlowFilter.m */; };
		BB90487E1A43879000B7625A /* SYNGPUImageFlowDifferenceOfGaussiansFilter0.m in Sources */ = {isa = PBXBuildFile; fileRef = BB9048761A43879000B7625A /* SYNGPUImageFlowDifferenceOfGaussiansFilter0.m */; };
		BB90487F1A43879000B7625A /* SYNGPUImageFlowDifferenceOfGaussiansFilter1.m in Sources */ = {isa = PBXBuildFile; fileRef = BB9048781A43879000B7625A /* SYNGPUImageFlowDifferenceOfGaussiansFilter1.m */; };
		BB9048801A43879000B7625A /* SYNGPUImageStructureTensorFilter.m in Sources */ = {isa = PBXBuildFile; fileRef = BB90487A1A43879000B7625A /* SYNGPUImageStructureTensorFilter.m */; };
		BB9048811A43879000B7625A /* SYNInkwellFilter.m in Sources */ = {isa = PBXBuildFile; fileRef = BB90487C1A43879000B7625A /* SYNInkwellFilter.m */; };
		BB9FB98C1A43B444005DDA71 /* InkwellIcon60.png in Resources */ = {isa = PBXBuildFile; fileRef = BB9FB98A1A43B444005DDA71 /* InkwellIcon60.png */; };
		BB9FB98D1A43B444005DDA71 /* InkwellIcon120.png in Resources */ = {isa = PBXBuildFile; fileRef = BB9FB98B1A43B444005DDA71 /* InkwellIcon120.png */; };
		BB9FB98F1A43B4A2005DDA71 /* InkwellIcon180.png in Resources */ = {isa = PBXBuildFile; fileRef = BB9FB98E1A43B4A2005DDA71 /* InkwellIcon180.png */; };
		BB9FB9941A43B547005DDA71 /* InkwellIcon29.png in Resources */ = {isa = PBXBuildFile; fileRef = BB9FB9901A43B547005DDA71 /* InkwellIcon29.png */; };
		BB9FB9951A43B547005DDA71 /* InkwellIcon40.png in Resources */ = {isa = PBXBuildFile; fileRef = BB9FB9911A43B547005DDA71 /* InkwellIcon40.png */; };
		BB9FB9961A43B547005DDA71 /* InkwellIcon58.png in Resources */ = {isa = PBXBuildFile; fileRef = BB9FB9921A43B547005DDA71 /* InkwellIcon58.png */; };
		BB9FB9971A43B547005DDA71 /* InkwellIcon80.png in Resources */ = {isa = PBXBuildFile; fileRef = BB9FB9931A43B547005DDA71 /* InkwellIcon80.png */; };
/* End PBXBuildFile section */

/* Begin PBXContainerItemProxy section */
		BB7B422A1A4383FB0061FA46 /* PBXContainerItemProxy */ = {
			isa = PBXContainerItemProxy;
			containerPortal = BB7B42081A4383FB0061FA46 /* Project object */;
			proxyType = 1;
			remoteGlobalIDString = BB7B420F1A4383FB0061FA46;
			remoteInfo = SYNInkwell;
		};
/* End PBXContainerItemProxy section */

/* Begin PBXFileReference section */
		2EF0BDAF3D3698291D8B75C2 /* Pods.release.xcconfig */ = {isa = PBXFileReference; includeInIndex = 1; lastKnownFileType = text.xcconfig; name = Pods.release.xcconfig; path = "Pods/Target Support Files/Pods/Pods.release.xcconfig"; sourceTree = "<group>"; };
		369E6CC4D254F0E97A68BD76 /* libPods.a */ = {isa = PBXFileReference; explicitFileType = archive.ar; includeInIndex = 0; path = libPods.a; sourceTree = BUILT_PRODUCTS_DIR; };
		9F2503844345F9336716F6AA /* Pods.debug.xcconfig */ = {isa = PBXFileReference; includeInIndex = 1; lastKnownFileType = text.xcconfig; name = Pods.debug.xcconfig; path = "Pods/Target Support Files/Pods/Pods.debug.xcconfig"; sourceTree = "<group>"; };
		9F39EB0A1A46906D00E34693 /* SYNInkwellColorFilter.h */ = {isa = PBXFileReference; fileEncoding = 4; lastKnownFileType = sourcecode.c.h; path = SYNInkwellColorFilter.h; sourceTree = "<group>"; };
		9F39EB0B1A46906D00E34693 /* SYNInkwellColorFilter.m */ = {isa = PBXFileReference; fileEncoding = 4; lastKnownFileType = sourcecode.c.objc; path = SYNInkwellColorFilter.m; sourceTree = "<group>"; };
		9F39EB0D1A46974800E34693 /* SYNGPUImageFlowDifferenceOfGaussiansFilter1MultiThreshold.h */ = {isa = PBXFileReference; fileEncoding = 4; lastKnownFileType = sourcecode.c.h; path = SYNGPUImageFlowDifferenceOfGaussiansFilter1MultiThreshold.h; sourceTree = "<group>"; };
		9F39EB0E1A46974800E34693 /* SYNGPUImageFlowDifferenceOfGaussiansFilter1MultiThreshold.m */ = {isa = PBXFileReference; fileEncoding = 4; lastKnownFileType = sourcecode.c.objc; path = SYNGPUImageFlowDifferenceOfGaussiansFilter1MultiThreshold.m; sourceTree = "<group>"; };
		9F39EB161A46B5F200E34693 /* paper-01.jpg */ = {isa = PBXFileReference; lastKnownFileType = image.jpeg; path = "paper-01.jpg"; sourceTree = "<group>"; };
		9F5C9E021A44C22900FF4800 /* ImageIO.framework */ = {isa = PBXFileReference; lastKnownFileType = wrapper.framework; name = ImageIO.framework; path = System/Library/Frameworks/ImageIO.framework; sourceTree = SDKROOT; };
		9F5C9E041A44D45400FF4800 /* SYNGPUImageFlowBilateralFilter.h */ = {isa = PBXFileReference; fileEncoding = 4; lastKnownFileType = sourcecode.c.h; path = SYNGPUImageFlowBilateralFilter.h; sourceTree = "<group>"; };
		9F5C9E051A44D45400FF4800 /* SYNGPUImageFlowBilateralFilter.m */ = {isa = PBXFileReference; fileEncoding = 4; lastKnownFileType = sourcecode.c.objc; path = SYNGPUImageFlowBilateralFilter.m; sourceTree = "<group>"; };
		9F5C9E071A44DAB200FF4800 /* SYNGPUImageRGBToLABFilter.h */ = {isa = PBXFileReference; fileEncoding = 4; lastKnownFileType = sourcecode.c.h; path = SYNGPUImageRGBToLABFilter.h; sourceTree = "<group>"; };
		9F5C9E081A44DAB200FF4800 /* SYNGPUImageRGBToLABFilter.m */ = {isa = PBXFileReference; fileEncoding = 4; lastKnownFileType = sourcecode.c.objc; path = SYNGPUImageRGBToLABFilter.m; sourceTree = "<group>"; };
		9F5C9E0A1A44E0DC00FF4800 /* SYNGPUImageLABToRGBFilter.h */ = {isa = PBXFileReference; fileEncoding = 4; lastKnownFileType = sourcecode.c.h; path = SYNGPUImageLABToRGBFilter.h; sourceTree = "<group>"; };
		9F5C9E0B1A44E0DC00FF4800 /* SYNGPUImageLABToRGBFilter.m */ = {isa = PBXFileReference; fileEncoding = 4; lastKnownFileType = sourcecode.c.objc; path = SYNGPUImageLABToRGBFilter.m; sourceTree = "<group>"; };
		9F5C9E0D1A458A4000FF4800 /* SYNPencilSketchFilter.h */ = {isa = PBXFileReference; fileEncoding = 4; lastKnownFileType = sourcecode.c.h; path = SYNPencilSketchFilter.h; sourceTree = "<group>"; };
		9F5C9E0E1A458A4000FF4800 /* SYNPencilSketchFilter.m */ = {isa = PBXFileReference; fileEncoding = 4; lastKnownFileType = sourcecode.c.objc; path = SYNPencilSketchFilter.m; sourceTree = "<group>"; };
		9F96ED9D1A607B870046F646 /* pencil-shading-01@2x.jpg */ = {isa = PBXFileReference; lastKnownFileType = image.jpeg; path = "pencil-shading-01@2x.jpg"; sourceTree = "<group>"; };
		BB7B42101A4383FB0061FA46 /* SYNInkwell.app */ = {isa = PBXFileReference; explicitFileType = wrapper.application; includeInIndex = 0; path = SYNInkwell.app; sourceTree = BUILT_PRODUCTS_DIR; };
		BB7B42141A4383FB0061FA46 /* Info.plist */ = {isa = PBXFileReference; lastKnownFileType = text.plist.xml; path = Info.plist; sourceTree = "<group>"; };
		BB7B42151A4383FB0061FA46 /* main.m */ = {isa = PBXFileReference; lastKnownFileType = sourcecode.c.objc; path = main.m; sourceTree = "<group>"; };
		BB7B42171A4383FB0061FA46 /* AppDelegate.h */ = {isa = PBXFileReference; lastKnownFileType = sourcecode.c.h; path = AppDelegate.h; sourceTree = "<group>"; };
		BB7B42181A4383FB0061FA46 /* AppDelegate.m */ = {isa = PBXFileReference; lastKnownFileType = sourcecode.c.objc; path = AppDelegate.m; sourceTree = "<group>"; };
		BB7B421A1A4383FB0061FA46 /* ViewController.h */ = {isa = PBXFileReference; lastKnownFileType = sourcecode.c.h; path = ViewController.h; sourceTree = "<group>"; };
		BB7B421B1A4383FB0061FA46 /* ViewController.m */ = {isa = PBXFileReference; lastKnownFileType = sourcecode.c.objc; path = ViewController.m; sourceTree = "<group>"; };
		BB7B421E1A4383FB0061FA46 /* Base */ = {isa = PBXFileReference; lastKnownFileType = file.storyboard; name = Base; path = Base.lproj/Main.storyboard; sourceTree = "<group>"; };
		BB7B42201A4383FB0061FA46 /* Images.xcassets */ = {isa = PBXFileReference; lastKnownFileType = folder.assetcatalog; path = Images.xcassets; sourceTree = "<group>"; };
		BB7B42231A4383FB0061FA46 /* Base */ = {isa = PBXFileReference; lastKnownFileType = file.xib; name = Base; path = Base.lproj/LaunchScreen.xib; sourceTree = "<group>"; };
		BB7B42291A4383FB0061FA46 /* SYNInkwellTests.xctest */ = {isa = PBXFileReference; explicitFileType = wrapper.cfbundle; includeInIndex = 0; path = SYNInkwellTests.xctest; sourceTree = BUILT_PRODUCTS_DIR; };
		BB7B422E1A4383FB0061FA46 /* Info.plist */ = {isa = PBXFileReference; lastKnownFileType = text.plist.xml; path = Info.plist; sourceTree = "<group>"; };
		BB7B422F1A4383FB0061FA46 /* SYNInkwellTests.m */ = {isa = PBXFileReference; lastKnownFileType = sourcecode.c.objc; path = SYNInkwellTests.m; sourceTree = "<group>"; };
		BB7EFC9B1A438EA200F3226B /* TestImage1.jpg */ = {isa = PBXFileReference; lastKnownFileType = image.jpeg; path = TestImage1.jpg; sourceTree = "<group>"; };
		BB9048731A43879000B7625A /* SYNGPUImageEdgeTangentFlowFilter.h */ = {isa = PBXFileReference; fileEncoding = 4; lastKnownFileType = sourcecode.c.h; path = SYNGPUImageEdgeTangentFlowFilter.h; sourceTree = "<group>"; };
		BB9048741A43879000B7625A /* SYNGPUImageEdgeTangentFlowFilter.m */ = {isa = PBXFileReference; fileEncoding = 4; lastKnownFileType = sourcecode.c.objc; path = SYNGPUImageEdgeTangentFlowFilter.m; sourceTree = "<group>"; };
		BB9048751A43879000B7625A /* SYNGPUImageFlowDifferenceOfGaussiansFilter0.h */ = {isa = PBXFileReference; fileEncoding = 4; lastKnownFileType = sourcecode.c.h; path = SYNGPUImageFlowDifferenceOfGaussiansFilter0.h; sourceTree = "<group>"; };
		BB9048761A43879000B7625A /* SYNGPUImageFlowDifferenceOfGaussiansFilter0.m */ = {isa = PBXFileReference; fileEncoding = 4; lastKnownFileType = sourcecode.c.objc; path = SYNGPUImageFlowDifferenceOfGaussiansFilter0.m; sourceTree = "<group>"; };
		BB9048771A43879000B7625A /* SYNGPUImageFlowDifferenceOfGaussiansFilter1.h */ = {isa = PBXFileReference; fileEncoding = 4; lastKnownFileType = sourcecode.c.h; path = SYNGPUImageFlowDifferenceOfGaussiansFilter1.h; sourceTree = "<group>"; };
		BB9048781A43879000B7625A /* SYNGPUImageFlowDifferenceOfGaussiansFilter1.m */ = {isa = PBXFileReference; fileEncoding = 4; lastKnownFileType = sourcecode.c.objc; path = SYNGPUImageFlowDifferenceOfGaussiansFilter1.m; sourceTree = "<group>"; };
		BB9048791A43879000B7625A /* SYNGPUImageStructureTensorFilter.h */ = {isa = PBXFileReference; fileEncoding = 4; lastKnownFileType = sourcecode.c.h; path = SYNGPUImageStructureTensorFilter.h; sourceTree = "<group>"; };
		BB90487A1A43879000B7625A /* SYNGPUImageStructureTensorFilter.m */ = {isa = PBXFileReference; fileEncoding = 4; lastKnownFileType = sourcecode.c.objc; path = SYNGPUImageStructureTensorFilter.m; sourceTree = "<group>"; };
		BB90487B1A43879000B7625A /* SYNInkwellFilter.h */ = {isa = PBXFileReference; fileEncoding = 4; lastKnownFileType = sourcecode.c.h; path = SYNInkwellFilter.h; sourceTree = "<group>"; };
		BB90487C1A43879000B7625A /* SYNInkwellFilter.m */ = {isa = PBXFileReference; fileEncoding = 4; lastKnownFileType = sourcecode.c.objc; path = SYNInkwellFilter.m; sourceTree = "<group>"; };
		BB9FB98A1A43B444005DDA71 /* InkwellIcon60.png */ = {isa = PBXFileReference; lastKnownFileType = image.png; path = InkwellIcon60.png; sourceTree = "<group>"; };
		BB9FB98B1A43B444005DDA71 /* InkwellIcon120.png */ = {isa = PBXFileReference; lastKnownFileType = image.png; path = InkwellIcon120.png; sourceTree = "<group>"; };
		BB9FB98E1A43B4A2005DDA71 /* InkwellIcon180.png */ = {isa = PBXFileReference; lastKnownFileType = image.png; path = InkwellIcon180.png; sourceTree = "<group>"; };
		BB9FB9901A43B547005DDA71 /* InkwellIcon29.png */ = {isa = PBXFileReference; lastKnownFileType = image.png; path = InkwellIcon29.png; sourceTree = "<group>"; };
		BB9FB9911A43B547005DDA71 /* InkwellIcon40.png */ = {isa = PBXFileReference; lastKnownFileType = image.png; path = InkwellIcon40.png; sourceTree = "<group>"; };
		BB9FB9921A43B547005DDA71 /* InkwellIcon58.png */ = {isa = PBXFileReference; lastKnownFileType = image.png; path = InkwellIcon58.png; sourceTree = "<group>"; };
		BB9FB9931A43B547005DDA71 /* InkwellIcon80.png */ = {isa = PBXFileReference; lastKnownFileType = image.png; path = InkwellIcon80.png; sourceTree = "<group>"; };
/* End PBXFileReference section */

/* Begin PBXFrameworksBuildPhase section */
		BB7B420D1A4383FB0061FA46 /* Frameworks */ = {
			isa = PBXFrameworksBuildPhase;
			buildActionMask = 2147483647;
			files = (
				4D39E80FD7827DE26925CD57 /* libPods.a in Frameworks */,
			);
			runOnlyForDeploymentPostprocessing = 0;
		};
		BB7B42261A4383FB0061FA46 /* Frameworks */ = {
			isa = PBXFrameworksBuildPhase;
			buildActionMask = 2147483647;
			files = (
			);
			runOnlyForDeploymentPostprocessing = 0;
		};
/* End PBXFrameworksBuildPhase section */

/* Begin PBXGroup section */
		8BC396128903DE114726D89E /* Frameworks */ = {
			isa = PBXGroup;
			children = (
				9F5C9E021A44C22900FF4800 /* ImageIO.framework */,
				369E6CC4D254F0E97A68BD76 /* libPods.a */,
			);
			name = Frameworks;
			sourceTree = "<group>";
		};
		BB7B42071A4383FB0061FA46 = {
			isa = PBXGroup;
			children = (
				BB7B42121A4383FB0061FA46 /* SYNInkwell */,
				BB7B422C1A4383FB0061FA46 /* SYNInkwellTests */,
				BB7B42111A4383FB0061FA46 /* Products */,
				D9EA317A3758150B2FD9AEC7 /* Pods */,
				8BC396128903DE114726D89E /* Frameworks */,
			);
			sourceTree = "<group>";
		};
		BB7B42111A4383FB0061FA46 /* Products */ = {
			isa = PBXGroup;
			children = (
				BB7B42101A4383FB0061FA46 /* SYNInkwell.app */,
				BB7B42291A4383FB0061FA46 /* SYNInkwellTests.xctest */,
			);
			name = Products;
			sourceTree = "<group>";
		};
		BB7B42121A4383FB0061FA46 /* SYNInkwell */ = {
			isa = PBXGroup;
			children = (
				BB7B42171A4383FB0061FA46 /* AppDelegate.h */,
				BB7B42181A4383FB0061FA46 /* AppDelegate.m */,
				BB7B42201A4383FB0061FA46 /* Images.xcassets */,
				BB9048721A43879000B7625A /* Inkwell */,
				BB7B42221A4383FB0061FA46 /* LaunchScreen.xib */,
				BB7B421D1A4383FB0061FA46 /* Main.storyboard */,
				BB9048821A4387D800B7625A /* Resources */,
				BB7B42131A4383FB0061FA46 /* Supporting Files */,
				BB7B421A1A4383FB0061FA46 /* ViewController.h */,
				BB7B421B1A4383FB0061FA46 /* ViewController.m */,
			);
			path = SYNInkwell;
			sourceTree = "<group>";
		};
		BB7B42131A4383FB0061FA46 /* Supporting Files */ = {
			isa = PBXGroup;
			children = (
				BB7B42141A4383FB0061FA46 /* Info.plist */,
				BB7B42151A4383FB0061FA46 /* main.m */,
			);
			name = "Supporting Files";
			sourceTree = "<group>";
		};
		BB7B422C1A4383FB0061FA46 /* SYNInkwellTests */ = {
			isa = PBXGroup;
			children = (
				BB7B422F1A4383FB0061FA46 /* SYNInkwellTests.m */,
				BB7B422D1A4383FB0061FA46 /* Supporting Files */,
			);
			path = SYNInkwellTests;
			sourceTree = "<group>";
		};
		BB7B422D1A4383FB0061FA46 /* Supporting Files */ = {
			isa = PBXGroup;
			children = (
				BB7B422E1A4383FB0061FA46 /* Info.plist */,
			);
			name = "Supporting Files";
			sourceTree = "<group>";
		};
		BB9048721A43879000B7625A /* Inkwell */ = {
			isa = PBXGroup;
			children = (
				BB9048731A43879000B7625A /* SYNGPUImageEdgeTangentFlowFilter.h */,
				BB9048741A43879000B7625A /* SYNGPUImageEdgeTangentFlowFilter.m */,
				9F5C9E041A44D45400FF4800 /* SYNGPUImageFlowBilateralFilter.h */,
				9F5C9E051A44D45400FF4800 /* SYNGPUImageFlowBilateralFilter.m */,
				BB9048751A43879000B7625A /* SYNGPUImageFlowDifferenceOfGaussiansFilter0.h */,
				BB9048761A43879000B7625A /* SYNGPUImageFlowDifferenceOfGaussiansFilter0.m */,
				BB9048771A43879000B7625A /* SYNGPUImageFlowDifferenceOfGaussiansFilter1.h */,
				BB9048781A43879000B7625A /* SYNGPUImageFlowDifferenceOfGaussiansFilter1.m */,
				9F39EB0D1A46974800E34693 /* SYNGPUImageFlowDifferenceOfGaussiansFilter1MultiThreshold.h */,
				9F39EB0E1A46974800E34693 /* SYNGPUImageFlowDifferenceOfGaussiansFilter1MultiThreshold.m */,
				9F5C9E0A1A44E0DC00FF4800 /* SYNGPUImageLABToRGBFilter.h */,
				9F5C9E0B1A44E0DC00FF4800 /* SYNGPUImageLABToRGBFilter.m */,
				9F5C9E071A44DAB200FF4800 /* SYNGPUImageRGBToLABFilter.h */,
				9F5C9E081A44DAB200FF4800 /* SYNGPUImageRGBToLABFilter.m */,
				BB9048791A43879000B7625A /* SYNGPUImageStructureTensorFilter.h */,
				BB90487A1A43879000B7625A /* SYNGPUImageStructureTensorFilter.m */,
				9F39EB0A1A46906D00E34693 /* SYNInkwellColorFilter.h */,
				9F39EB0B1A46906D00E34693 /* SYNInkwellColorFilter.m */,
				BB90487B1A43879000B7625A /* SYNInkwellFilter.h */,
				BB90487C1A43879000B7625A /* SYNInkwellFilter.m */,
				9F5C9E0D1A458A4000FF4800 /* SYNPencilSketchFilter.h */,
				9F5C9E0E1A458A4000FF4800 /* SYNPencilSketchFilter.m */,
			);
			path = Inkwell;
			sourceTree = "<group>";
		};
		BB9048821A4387D800B7625A /* Resources */ = {
			isa = PBXGroup;
			children = (
				9F39EB161A46B5F200E34693 /* paper-01.jpg */,
				9F96ED9D1A607B870046F646 /* pencil-shading-01@2x.jpg */,
				BB9FB9901A43B547005DDA71 /* InkwellIcon29.png */,
				BB9FB9911A43B547005DDA71 /* InkwellIcon40.png */,
				BB9FB9921A43B547005DDA71 /* InkwellIcon58.png */,
				BB9FB9931A43B547005DDA71 /* InkwellIcon80.png */,
				BB9FB98E1A43B4A2005DDA71 /* InkwellIcon180.png */,
				BB9FB98A1A43B444005DDA71 /* InkwellIcon60.png */,
				BB9FB98B1A43B444005DDA71 /* InkwellIcon120.png */,
				BB7EFC9B1A438EA200F3226B /* TestImage1.jpg */,
			);
			path = Resources;
			sourceTree = "<group>";
		};
		D9EA317A3758150B2FD9AEC7 /* Pods */ = {
			isa = PBXGroup;
			children = (
				9F2503844345F9336716F6AA /* Pods.debug.xcconfig */,
				2EF0BDAF3D3698291D8B75C2 /* Pods.release.xcconfig */,
			);
			name = Pods;
			sourceTree = "<group>";
		};
/* End PBXGroup section */

/* Begin PBXNativeTarget section */
		BB7B420F1A4383FB0061FA46 /* SYNInkwell */ = {
			isa = PBXNativeTarget;
			buildConfigurationList = BB7B42331A4383FB0061FA46 /* Build configuration list for PBXNativeTarget "SYNInkwell" */;
			buildPhases = (
				9A58C3671B11900BC6FF41E0 /* Check Pods Manifest.lock */,
				BB7B420C1A4383FB0061FA46 /* Sources */,
				BB7B420D1A4383FB0061FA46 /* Frameworks */,
				BB7B420E1A4383FB0061FA46 /* Resources */,
				B8D12684529F85A662E2458B /* Copy Pods Resources */,
			);
			buildRules = (
			);
			dependencies = (
			);
			name = SYNInkwell;
			productName = SYNInkwell;
			productReference = BB7B42101A4383FB0061FA46 /* SYNInkwell.app */;
			productType = "com.apple.product-type.application";
		};
		BB7B42281A4383FB0061FA46 /* SYNInkwellTests */ = {
			isa = PBXNativeTarget;
			buildConfigurationList = BB7B42361A4383FB0061FA46 /* Build configuration list for PBXNativeTarget "SYNInkwellTests" */;
			buildPhases = (
				BB7B42251A4383FB0061FA46 /* Sources */,
				BB7B42261A4383FB0061FA46 /* Frameworks */,
				BB7B42271A4383FB0061FA46 /* Resources */,
			);
			buildRules = (
			);
			dependencies = (
				BB7B422B1A4383FB0061FA46 /* PBXTargetDependency */,
			);
			name = SYNInkwellTests;
			productName = SYNInkwellTests;
			productReference = BB7B42291A4383FB0061FA46 /* SYNInkwellTests.xctest */;
			productType = "com.apple.product-type.bundle.unit-test";
		};
/* End PBXNativeTarget section */

/* Begin PBXProject section */
		BB7B42081A4383FB0061FA46 /* Project object */ = {
			isa = PBXProject;
			attributes = {
				LastUpgradeCheck = 0610;
				ORGANIZATIONNAME = Syntertainment;
				TargetAttributes = {
					BB7B420F1A4383FB0061FA46 = {
						CreatedOnToolsVersion = 6.1.1;
						DevelopmentTeam = SBKBKHJ464;
					};
					BB7B42281A4383FB0061FA46 = {
						CreatedOnToolsVersion = 6.1.1;
						TestTargetID = BB7B420F1A4383FB0061FA46;
					};
				};
			};
			buildConfigurationList = BB7B420B1A4383FB0061FA46 /* Build configuration list for PBXProject "SYNInkwell" */;
			compatibilityVersion = "Xcode 3.2";
			developmentRegion = English;
			hasScannedForEncodings = 0;
			knownRegions = (
				en,
				Base,
			);
			mainGroup = BB7B42071A4383FB0061FA46;
			productRefGroup = BB7B42111A4383FB0061FA46 /* Products */;
			projectDirPath = "";
			projectRoot = "";
			targets = (
				BB7B420F1A4383FB0061FA46 /* SYNInkwell */,
				BB7B42281A4383FB0061FA46 /* SYNInkwellTests */,
			);
		};
/* End PBXProject section */

/* Begin PBXResourcesBuildPhase section */
		BB7B420E1A4383FB0061FA46 /* Resources */ = {
			isa = PBXResourcesBuildPhase;
			buildActionMask = 2147483647;
			files = (
				BB9FB9951A43B547005DDA71 /* InkwellIcon40.png in Resources */,
				BB9FB9971A43B547005DDA71 /* InkwellIcon80.png in Resources */,
				BB9FB98C1A43B444005DDA71 /* InkwellIcon60.png in Resources */,
				BB7B421F1A4383FB0061FA46 /* Main.storyboard in Resources */,
				BB7EFC9C1A438EA200F3226B /* TestImage1.jpg in Resources */,
				9F39EB171A46B5F200E34693 /* paper-01.jpg in Resources */,
				9F96ED9E1A607B870046F646 /* pencil-shading-01@2x.jpg in Resources */,
				BB9FB9961A43B547005DDA71 /* InkwellIcon58.png in Resources */,
				BB7B42241A4383FB0061FA46 /* LaunchScreen.xib in Resources */,
				BB7B42211A4383FB0061FA46 /* Images.xcassets in Resources */,
				BB9FB98F1A43B4A2005DDA71 /* InkwellIcon180.png in Resources */,
				BB9FB9941A43B547005DDA71 /* InkwellIcon29.png in Resources */,
				BB9FB98D1A43B444005DDA71 /* InkwellIcon120.png in Resources */,
			);
			runOnlyForDeploymentPostprocessing = 0;
		};
		BB7B42271A4383FB0061FA46 /* Resources */ = {
			isa = PBXResourcesBuildPhase;
			buildActionMask = 2147483647;
			files = (
			);
			runOnlyForDeploymentPostprocessing = 0;
		};
/* End PBXResourcesBuildPhase section */

/* Begin PBXShellScriptBuildPhase section */
		9A58C3671B11900BC6FF41E0 /* Check Pods Manifest.lock */ = {
			isa = PBXShellScriptBuildPhase;
			buildActionMask = 2147483647;
			files = (
			);
			inputPaths = (
			);
			name = "Check Pods Manifest.lock";
			outputPaths = (
			);
			runOnlyForDeploymentPostprocessing = 0;
			shellPath = /bin/sh;
			shellScript = "diff \"${PODS_ROOT}/../Podfile.lock\" \"${PODS_ROOT}/Manifest.lock\" > /dev/null\nif [[ $? != 0 ]] ; then\n    cat << EOM\nerror: The sandbox is not in sync with the Podfile.lock. Run 'pod install' or update your CocoaPods installation.\nEOM\n    exit 1\nfi\n";
			showEnvVarsInLog = 0;
		};
		B8D12684529F85A662E2458B /* Copy Pods Resources */ = {
			isa = PBXShellScriptBuildPhase;
			buildActionMask = 2147483647;
			files = (
			);
			inputPaths = (
			);
			name = "Copy Pods Resources";
			outputPaths = (
			);
			runOnlyForDeploymentPostprocessing = 0;
			shellPath = /bin/sh;
			shellScript = "\"${SRCROOT}/Pods/Target Support Files/Pods/Pods-resources.sh\"\n";
			showEnvVarsInLog = 0;
		};
/* End PBXShellScriptBuildPhase section */

/* Begin PBXSourcesBuildPhase section */
		BB7B420C1A4383FB0061FA46 /* Sources */ = {
			isa = PBXSourcesBuildPhase;
			buildActionMask = 2147483647;
			files = (
				9F5C9E091A44DAB200FF4800 /* SYNGPUImageRGBToLABFilter.m in Sources */,
				BB90487F1A43879000B7625A /* SYNGPUImageFlowDifferenceOfGaussiansFilter1.m in Sources */,
				9F39EB0F1A46974800E34693 /* SYNGPUImageFlowDifferenceOfGaussiansFilter1MultiThreshold.m in Sources */,
				BB7B421C1A4383FB0061FA46 /* ViewController.m in Sources */,
				9F5C9E0F1A458A4000FF4800 /* SYNPencilSketchFilter.m in Sources */,
				BB90487E1A43879000B7625A /* SYNGPUImageFlowDifferenceOfGaussiansFilter0.m in Sources */,
				9F5C9E0C1A44E0DC00FF4800 /* SYNGPUImageLABToRGBFilter.m in Sources */,
				BB9048811A43879000B7625A /* SYNInkwellFilter.m in Sources */,
				BB7B42191A4383FB0061FA46 /* AppDelegate.m in Sources */,
				BB90487D1A43879000B7625A /* SYNGPUImageEdgeTangentFlowFilter.m in Sources */,
				BB7B42161A4383FB0061FA46 /* main.m in Sources */,
				BB9048801A43879000B7625A /* SYNGPUImageStructureTensorFilter.m in Sources */,
				9F39EB0C1A46906D00E34693 /* SYNInkwellColorFilter.m in Sources */,
				9F5C9E061A44D45400FF4800 /* SYNGPUImageFlowBilateralFilter.m in Sources */,
			);
			runOnlyForDeploymentPostprocessing = 0;
		};
		BB7B42251A4383FB0061FA46 /* Sources */ = {
			isa = PBXSourcesBuildPhase;
			buildActionMask = 2147483647;
			files = (
				BB7B42301A4383FB0061FA46 /* SYNInkwellTests.m in Sources */,
			);
			runOnlyForDeploymentPostprocessing = 0;
		};
/* End PBXSourcesBuildPhase section */

/* Begin PBXTargetDependency section */
		BB7B422B1A4383FB0061FA46 /* PBXTargetDependency */ = {
			isa = PBXTargetDependency;
			target = BB7B420F1A4383FB0061FA46 /* SYNInkwell */;
			targetProxy = BB7B422A1A4383FB0061FA46 /* PBXContainerItemProxy */;
		};
/* End PBXTargetDependency section */

/* Begin PBXVariantGroup section */
		BB7B421D1A4383FB0061FA46 /* Main.storyboard */ = {
			isa = PBXVariantGroup;
			children = (
				BB7B421E1A4383FB0061FA46 /* Base */,
			);
			name = Main.storyboard;
			sourceTree = "<group>";
		};
		BB7B42221A4383FB0061FA46 /* LaunchScreen.xib */ = {
			isa = PBXVariantGroup;
			children = (
				BB7B42231A4383FB0061FA46 /* Base */,
			);
			name = LaunchScreen.xib;
			sourceTree = "<group>";
		};
/* End PBXVariantGroup section */

/* Begin XCBuildConfiguration section */
		BB7B42311A4383FB0061FA46 /* Debug */ = {
			isa = XCBuildConfiguration;
			buildSettings = {
				ALWAYS_SEARCH_USER_PATHS = NO;
				CLANG_CXX_LANGUAGE_STANDARD = "gnu++0x";
				CLANG_CXX_LIBRARY = "libc++";
				CLANG_ENABLE_MODULES = YES;
				CLANG_ENABLE_OBJC_ARC = YES;
				CLANG_WARN_BOOL_CONVERSION = YES;
				CLANG_WARN_CONSTANT_CONVERSION = YES;
				CLANG_WARN_DIRECT_OBJC_ISA_USAGE = YES_ERROR;
				CLANG_WARN_EMPTY_BODY = YES;
				CLANG_WARN_ENUM_CONVERSION = YES;
				CLANG_WARN_INT_CONVERSION = YES;
				CLANG_WARN_OBJC_ROOT_CLASS = YES_ERROR;
				CLANG_WARN_UNREACHABLE_CODE = YES;
				CLANG_WARN__DUPLICATE_METHOD_MATCH = YES;
				"CODE_SIGN_IDENTITY[sdk=iphoneos*]" = "iPhone Developer";
				COPY_PHASE_STRIP = NO;
				ENABLE_STRICT_OBJC_MSGSEND = YES;
				GCC_C_LANGUAGE_STANDARD = gnu99;
				GCC_DYNAMIC_NO_PIC = NO;
				GCC_OPTIMIZATION_LEVEL = 0;
				GCC_PREPROCESSOR_DEFINITIONS = (
					"DEBUG=1",
					"$(inherited)",
				);
				GCC_SYMBOLS_PRIVATE_EXTERN = NO;
				GCC_WARN_64_TO_32_BIT_CONVERSION = YES;
				GCC_WARN_ABOUT_RETURN_TYPE = YES_ERROR;
				GCC_WARN_UNDECLARED_SELECTOR = YES;
				GCC_WARN_UNINITIALIZED_AUTOS = YES_AGGRESSIVE;
				GCC_WARN_UNUSED_FUNCTION = YES;
				GCC_WARN_UNUSED_VARIABLE = YES;
				IPHONEOS_DEPLOYMENT_TARGET = 8.1;
				MTL_ENABLE_DEBUG_INFO = YES;
				ONLY_ACTIVE_ARCH = YES;
				SDKROOT = iphoneos;
			};
			name = Debug;
		};
		BB7B42321A4383FB0061FA46 /* Release */ = {
			isa = XCBuildConfiguration;
			buildSettings = {
				ALWAYS_SEARCH_USER_PATHS = NO;
				CLANG_CXX_LANGUAGE_STANDARD = "gnu++0x";
				CLANG_CXX_LIBRARY = "libc++";
				CLANG_ENABLE_MODULES = YES;
				CLANG_ENABLE_OBJC_ARC = YES;
				CLANG_WARN_BOOL_CONVERSION = YES;
				CLANG_WARN_CONSTANT_CONVERSION = YES;
				CLANG_WARN_DIRECT_OBJC_ISA_USAGE = YES_ERROR;
				CLANG_WARN_EMPTY_BODY = YES;
				CLANG_WARN_ENUM_CONVERSION = YES;
				CLANG_WARN_INT_CONVERSION = YES;
				CLANG_WARN_OBJC_ROOT_CLASS = YES_ERROR;
				CLANG_WARN_UNREACHABLE_CODE = YES;
				CLANG_WARN__DUPLICATE_METHOD_MATCH = YES;
				"CODE_SIGN_IDENTITY[sdk=iphoneos*]" = "iPhone Developer";
				COPY_PHASE_STRIP = YES;
				ENABLE_NS_ASSERTIONS = NO;
				ENABLE_STRICT_OBJC_MSGSEND = YES;
				GCC_C_LANGUAGE_STANDARD = gnu99;
				GCC_WARN_64_TO_32_BIT_CONVERSION = YES;
				GCC_WARN_ABOUT_RETURN_TYPE = YES_ERROR;
				GCC_WARN_UNDECLARED_SELECTOR = YES;
				GCC_WARN_UNINITIALIZED_AUTOS = YES_AGGRESSIVE;
				GCC_WARN_UNUSED_FUNCTION = YES;
				GCC_WARN_UNUSED_VARIABLE = YES;
				IPHONEOS_DEPLOYMENT_TARGET = 8.1;
				MTL_ENABLE_DEBUG_INFO = NO;
				SDKROOT = iphoneos;
				VALIDATE_PRODUCT = YES;
			};
			name = Release;
		};
		BB7B42341A4383FB0061FA46 /* Debug */ = {
			isa = XCBuildConfiguration;
			baseConfigurationReference = 9F2503844345F9336716F6AA /* Pods.debug.xcconfig */;
			buildSettings = {
				ASSETCATALOG_COMPILER_APPICON_NAME = AppIcon;
				CODE_SIGN_IDENTITY = "iPhone Developer";
				INFOPLIST_FILE = SYNInkwell/Info.plist;
				LD_RUNPATH_SEARCH_PATHS = "$(inherited) @executable_path/Frameworks";
				PRODUCT_NAME = "$(TARGET_NAME)";
				TARGETED_DEVICE_FAMILY = "1,2";
			};
			name = Debug;
		};
		BB7B42351A4383FB0061FA46 /* Release */ = {
			isa = XCBuildConfiguration;
			baseConfigurationReference = 2EF0BDAF3D3698291D8B75C2 /* Pods.release.xcconfig */;
			buildSettings = {
				ASSETCATALOG_COMPILER_APPICON_NAME = AppIcon;
				CODE_SIGN_IDENTITY = "iPhone Developer";
				INFOPLIST_FILE = SYNInkwell/Info.plist;
				LD_RUNPATH_SEARCH_PATHS = "$(inherited) @executable_path/Frameworks";
				PRODUCT_NAME = "$(TARGET_NAME)";
				TARGETED_DEVICE_FAMILY = "1,2";
			};
			name = Release;
		};
		BB7B42371A4383FB0061FA46 /* Debug */ = {
			isa = XCBuildConfiguration;
			buildSettings = {
				BUNDLE_LOADER = "$(TEST_HOST)";
				FRAMEWORK_SEARCH_PATHS = (
					"$(SDKROOT)/Developer/Library/Frameworks",
					"$(inherited)",
				);
				GCC_PREPROCESSOR_DEFINITIONS = (
					"DEBUG=1",
					"$(inherited)",
				);
				INFOPLIST_FILE = SYNInkwellTests/Info.plist;
				LD_RUNPATH_SEARCH_PATHS = "$(inherited) @executable_path/Frameworks @loader_path/Frameworks";
				PRODUCT_NAME = "$(TARGET_NAME)";
				TEST_HOST = "$(BUILT_PRODUCTS_DIR)/SYNInkwell.app/SYNInkwell";
			};
			name = Debug;
		};
		BB7B42381A4383FB0061FA46 /* Release */ = {
			isa = XCBuildConfiguration;
			buildSettings = {
				BUNDLE_LOADER = "$(TEST_HOST)";
				FRAMEWORK_SEARCH_PATHS = (
					"$(SDKROOT)/Developer/Library/Frameworks",
					"$(inherited)",
				);
				INFOPLIST_FILE = SYNInkwellTests/Info.plist;
				LD_RUNPATH_SEARCH_PATHS = "$(inherited) @executable_path/Frameworks @loader_path/Frameworks";
				PRODUCT_NAME = "$(TARGET_NAME)";
				TEST_HOST = "$(BUILT_PRODUCTS_DIR)/SYNInkwell.app/SYNInkwell";
			};
			name = Release;
		};
/* End XCBuildConfiguration section */

/* Begin XCConfigurationList section */
		BB7B420B1A4383FB0061FA46 /* Build configuration list for PBXProject "SYNInkwell" */ = {
			isa = XCConfigurationList;
			buildConfigurations = (
				BB7B42311A4383FB0061FA46 /* Debug */,
				BB7B42321A4383FB0061FA46 /* Release */,
			);
			defaultConfigurationIsVisible = 0;
			defaultConfigurationName = Release;
		};
		BB7B42331A4383FB0061FA46 /* Build configuration list for PBXNativeTarget "SYNInkwell" */ = {
			isa = XCConfigurationList;
			buildConfigurations = (
				BB7B42341A4383FB0061FA46 /* Debug */,
				BB7B42351A4383FB0061FA46 /* Release */,
			);
			defaultConfigurationIsVisible = 0;
			defaultConfigurationName = Release;
		};
		BB7B42361A4383FB0061FA46 /* Build configuration list for PBXNativeTarget "SYNInkwellTests" */ = {
			isa = XCConfigurationList;
			buildConfigurations = (
				BB7B42371A4383FB0061FA46 /* Debug */,
				BB7B42381A4383FB0061FA46 /* Release */,
			);
			defaultConfigurationIsVisible = 0;
			defaultConfigurationName = Release;
		};
/* End XCConfigurationList section */
	};
	rootObject = BB7B42081A4383FB0061FA46 /* Project object */;
}
